
Microsoft Visual Studio Solution File, Format Version 12.00
# Visual Studio Version 17
VisualStudioVersion = 17.9.34728.123
MinimumVisualStudioVersion = 10.0.40219.1
Project("{FAE04EC0-301F-11D3-BF4B-00C04F79EFBC}") = "PrincipioResponsabilidadUnica", "PrincipioResponsabilidadUnica.csproj", "{A1C82A28-F04B-44F5-9013-E6D7C87B589A}"
EndProject
Global
	GlobalSection(SolutionConfigurationPlatforms) = preSolution
		Debug|Any CPU = Debug|Any CPU
		Release|Any CPU = Release|Any CPU
	EndGlobalSection
	GlobalSection(ProjectConfigurationPlatforms) = postSolution
		{A1C82A28-F04B-44F5-9013-E6D7C87B589A}.Debug|Any CPU.ActiveCfg = Debug|Any CPU
		{A1C82A28-F04B-44F5-9013-E6D7C87B589A}.Debug|Any CPU.Build.0 = Debug|Any CPU
		{A1C82A28-F04B-44F5-9013-E6D7C87B589A}.Release|Any CPU.ActiveCfg = Release|Any CPU
		{A1C82A28-F04B-44F5-9013-E6D7C87B589A}.Release|Any CPU.Build.0 = Release|Any CPU
	EndGlobalSection
	GlobalSection(SolutionProperties) = preSolution
		HideSolutionNode = FALSE
	EndGlobalSection
	GlobalSection(ExtensibilityGlobals) = postSolution
		SolutionGuid = {833958C9-D12E-4CCC-B1C1-AC463A9CB070}
	EndGlobalSection
EndGlobal
